
Microsoft Visual Studio Solution File, Format Version 12.00
Project("{FAE04EC0-301F-11D3-BF4B-00C04F79EFBC}") = "Selee", "Selee.csproj", "{AB3B9F07-7490-42B1-B6E0-28AECF39B0C9}"
EndProject
Global
	GlobalSection(SolutionConfigurationPlatforms) = preSolution
		Debug|Any CPU = Debug|Any CPU
		ExportDebug|Any CPU = ExportDebug|Any CPU
		ExportRelease|Any CPU = ExportRelease|Any CPU
	EndGlobalSection
	GlobalSection(ProjectConfigurationPlatforms) = postSolution
		{AB3B9F07-7490-42B1-B6E0-28AECF39B0C9}.Debug|Any CPU.ActiveCfg = Debug|Any CPU
		{AB3B9F07-7490-42B1-B6E0-28AECF39B0C9}.Debug|Any CPU.Build.0 = Debug|Any CPU
		{AB3B9F07-7490-42B1-B6E0-28AECF39B0C9}.ExportDebug|Any CPU.ActiveCfg = ExportDebug|Any CPU
		{AB3B9F07-7490-42B1-B6E0-28AECF39B0C9}.ExportDebug|Any CPU.Build.0 = ExportDebug|Any CPU
		{AB3B9F07-7490-42B1-B6E0-28AECF39B0C9}.ExportRelease|Any CPU.ActiveCfg = ExportRelease|Any CPU
		{AB3B9F07-7490-42B1-B6E0-28AECF39B0C9}.ExportRelease|Any CPU.Build.0 = ExportRelease|Any CPU
	EndGlobalSection
EndGlobal
